dependencies:
- name: redis
  repository: http://liaoj-helm-repository.e2equota.haproxy-139-219-56-162-alaudaorg.myalauda.cn/
  version: 0.9.0
- name: postgresql
  repository: http://liaoj-helm-repository.e2equota.haproxy-139-219-56-162-alaudaorg.myalauda.cn/
  version: 0.8.1
digest: sha256:231d98453f1d765415f86793c578d8e593281d5b8968cdc6f4eb086a61dfae5b
generated: 2018-02-01T15:15:42.172487+08:00
